PODS:
  - Flutter (1.0.0)
  - flutter_inappwebview_ios (0.0.1):
    - Flutter
    - flutter_inappwebview_ios/Core (= 0.0.1)
    - OrderedSet (~> 6.0.3)
  - flutter_inappwebview_ios/Core (0.0.1):
    - Flutter
    - OrderedSet (~> 6.0.3)
  - OrderedSet (6.0.3)
  - recaptcha_enterprise_flutter (18.7.1):
    - Flutter
    - RecaptchaEnterprise (<= 18.7.1, >= 18.7.0)
  - RecaptchaEnterprise (18.7.0):
    - RecaptchaEnterpriseSDK (= 18.7.0)
    - RecaptchaInterop (~> 101.0.0)
  - RecaptchaEnterpriseSDK (18.7.0)
  - RecaptchaInterop (101.0.0)
  - webview_flutter_wkwebview (0.0.1):
    - Flutter

DEPENDENCIES:
  - Flutter (from `Flutter`)
  - flutter_inappwebview_ios (from `.symlinks/plugins/flutter_inappwebview_ios/ios`)
  - recaptcha_enterprise_flutter (from `.symlinks/plugins/recaptcha_enterprise_flutter/ios`)
  - RecaptchaEnterprise (~> 18.7.0)
  - webview_flutter_wkwebview (from `.symlinks/plugins/webview_flutter_wkwebview/ios`)

SPEC REPOS:
  trunk:
    - OrderedSet
    - RecaptchaEnterprise
    - RecaptchaEnterpriseSDK
    - RecaptchaInterop

EXTERNAL SOURCES:
  Flutter:
    :path: Flutter
  flutter_inappwebview_ios:
    :path: ".symlinks/plugins/flutter_inappwebview_ios/ios"
  recaptcha_enterprise_flutter:
    :path: ".symlinks/plugins/recaptcha_enterprise_flutter/ios"
  webview_flutter_wkwebview:
    :path: ".symlinks/plugins/webview_flutter_wkwebview/ios"

SPEC CHECKSUMS:
  Flutter: e0871f40cf51350855a761d2e70bf5af5b9b5de7
  flutter_inappwebview_ios: b89ba3482b96fb25e00c967aae065701b66e9b99
  OrderedSet: e539b66b644ff081c73a262d24ad552a69be3a94
  recaptcha_enterprise_flutter: 00b38414c923503e20fecd7170e6b2c4094265b6
  RecaptchaEnterprise: a5914ad9db6ff79eaca7258d82ecef6f10009936
  RecaptchaEnterpriseSDK: 5e72d7f19d2f679b68c25071c33b40f817e21149
  RecaptchaInterop: 11e0b637842dfb48308d242afc3f448062325aba
  webview_flutter_wkwebview: 45a041c7831641076618876de3ba75c712860c6b

PODFILE CHECKSUM: 8ef6dbc73a39037b91399be0c423a4bc176e696f

COCOAPODS: 1.16.2
